# THIS IS AN AUTOGENERATED FILE. DO NOT EDIT THIS FILE DIRECTLY.
# yarn lockfile v1


isarray@1.0.0:
  version "1.0.0"
  resolved "http://r.npm.sankuai.com/isarray/download/isarray-1.0.0.tgz#bb935d48582cba168c06834957a54a3e07124f11"

isobject@^2.0.0:
  version "2.1.0"
  resolved "http://r.npm.sankuai.com/isobject/download/isobject-2.1.0.tgz#f065561096a3f1da2ef46272f815c840d87e0c89"
  dependencies:
    isarray "1.0.0"

relative@^3.0.2:
  version "3.0.2"
  resolved "http://r.npm.sankuai.com/relative/download/relative-3.0.2.tgz#0dcd8ec54a5d35a3c15e104503d65375b5a5367f"
  dependencies:
    isobject "^2.0.0"
